{
    "name": "yorozuya.js",
    "version": "1.0.0",
    "lockfileVersion": 1,
    "requires": true,
    "dependencies": {
        "@jridgewell/gen-mapping": {
            "version": "0.3.3",
            "resolved": "https://registry.npmjs.org/@jridgewell/gen-mapping/-/gen-mapping-0.3.3.tgz",
            "integrity": "sha512-HLhSWOLRi875zjjMG/r+Nv0oCW8umGb0BgEhyX3dDX3egwZtB8PqLnjz3yedt8R5StBrzcg4aBpnh8UA9D1BoQ==",
            "dev": true,
            "requires": {
                "@jridgewell/set-array": "^1.0.1",
                "@jridgewell/sourcemap-codec": "^1.4.10",
                "@jridgewell/trace-mapping": "^0.3.9"
            }
        },
        "@jridgewell/resolve-uri": {
            "version": "3.1.0",
            "resolved": "https://registry.npmjs.org/@jridgewell/resolve-uri/-/resolve-uri-3.1.0.tgz",
            "integrity": "sha512-F2msla3tad+Mfht5cJq7LSXcdudKTWCVYUgw6pLFOOHSTtZlj6SWNYAp+AhuqLmWdBO2X5hPrLcu8cVP8fy28w==",
            "dev": true
        },
        "@jridgewell/set-array": {
            "version": "1.1.2",
            "resolved": "https://registry.npmjs.org/@jridgewell/set-array/-/set-array-1.1.2.tgz",
            "integrity": "sha512-xnkseuNADM0gt2bs+BvhO0p78Mk762YnZdsuzFV018NoG1Sj1SCQvpSqa7XUaTam5vAGasABV9qXASMKnFMwMw==",
            "dev": true
        },
        "@jridgewell/source-map": {
            "version": "0.3.3",
            "resolved": "https://registry.npmjs.org/@jridgewell/source-map/-/source-map-0.3.3.tgz",
            "integrity": "sha512-b+fsZXeLYi9fEULmfBrhxn4IrPlINf8fiNarzTof004v3lFdntdwa9PF7vFJqm3mg7s+ScJMxXaE3Acp1irZcg==",
            "dev": true,
            "requires": {
                "@jridgewell/gen-mapping": "^0.3.0",
                "@jridgewell/trace-mapping": "^0.3.9"
            }
        },
        "@jridgewell/sourcemap-codec": {
            "version": "1.4.15",
            "resolved": "https://registry.npmjs.org/@jridgewell/sourcemap-codec/-/sourcemap-codec-1.4.15.tgz",
            "integrity": "sha512-eF2rxCRulEKXHTRiDrDy6erMYWqNw4LPdQ8UQA4huuxaQsVeRPFl2oM8oDGxMFhJUWZf9McpLtJasDDZb/Bpeg==",
            "dev": true
        },
        "@jridgewell/trace-mapping": {
            "version": "0.3.18",
            "resolved": "https://registry.npmjs.org/@jridgewell/trace-mapping/-/trace-mapping-0.3.18.tgz",
            "integrity": "sha512-w+niJYzMHdd7USdiH2U6869nqhD2nbfZXND5Yp93qIbEmnDNk7PD48o+YchRVpzMU7M6jVCbenTR7PA1FLQ9pA==",
            "dev": true,
            "requires": {
                "@jridgewell/resolve-uri": "3.1.0",
                "@jridgewell/sourcemap-codec": "1.4.14"
            },
            "dependencies": {
                "@jridgewell/sourcemap-codec": {
                    "version": "1.4.14",
                    "resolved": "https://registry.npmjs.org/@jridgewell/sourcemap-codec/-/sourcemap-codec-1.4.14.tgz",
                    "integrity": "sha512-XPSJHWmi394fuUuzDnGz1wiKqWfo1yXecHQMRf2l6hztTO+nPru658AyDngaBe7isIxEkRsPR3FZh+s7iVa4Uw==",
                    "dev": true
                }
            }
        },
        "@rollup/plugin-terser": {
            "version": "0.4.1",
            "resolved": "https://registry.npmjs.org/@rollup/plugin-terser/-/plugin-terser-0.4.1.tgz",
            "integrity": "sha512-aKS32sw5a7hy+fEXVy+5T95aDIwjpGHCTv833HXVtyKMDoVS7pBr5K3L9hEQoNqbJFjfANPrNpIXlTQ7is00eA==",
            "dev": true,
            "requires": {
                "serialize-javascript": "^6.0.0",
                "smob": "^0.0.6",
                "terser": "^5.15.1"
            }
        },
        "acorn": {
            "version": "8.8.2",
            "resolved": "https://registry.npmjs.org/acorn/-/acorn-8.8.2.tgz",
            "integrity": "sha512-xjIYgE8HBrkpd/sJqOGNspf8uHG+NOHGOw6a/Urj8taM2EXfdNAH2oFcPeIFfsv3+kz/mJrS5VuMqbNLjCa2vw==",
            "dev": true
        },
        "buffer-from": {
            "version": "1.1.2",
            "resolved": "https://registry.npmjs.org/buffer-from/-/buffer-from-1.1.2.tgz",
            "integrity": "sha512-E+XQCRwSbaaiChtv6k6Dwgc+bx+Bs6vuKJHHl5kox/BaKbhiXzqQOwK4cO22yElGp2OCmjwVhT3HmxgyPGnJfQ==",
            "dev": true
        },
        "commander": {
            "version": "2.20.3",
            "resolved": "https://registry.npmjs.org/commander/-/commander-2.20.3.tgz",
            "integrity": "sha512-GpVkmM8vF2vQUkj2LvZmD35JxeJOLCwJ9cUkugyk2nuhbv3+mJvpLYYt+0+USMxE+oj+ey/lJEnhZw75x/OMcQ==",
            "dev": true
        },
        "estree-walker": {
            "version": "0.6.1",
            "resolved": "https://registry.npmjs.org/estree-walker/-/estree-walker-0.6.1.tgz",
            "integrity": "sha512-SqmZANLWS0mnatqbSfRP5g8OXZC12Fgg1IwNtLsyHDzJizORW4khDfjPqJZsemPWBB2uqykUah5YpQ6epsqC/w==",
            "dev": true
        },
        "fsevents": {
            "version": "2.3.2",
            "resolved": "https://registry.npmjs.org/fsevents/-/fsevents-2.3.2.tgz",
            "integrity": "sha512-xiqMQR4xAeHTuB9uWm+fFRcIOgKBMiOBP+eXiyT7jsgVCq1bkVygt00oASowB7EdtpOHaaPgKt812P9ab+DDKA==",
            "dev": true,
            "optional": true
        },
        "js-cleanup": {
            "version": "1.2.0",
            "resolved": "https://registry.npmjs.org/js-cleanup/-/js-cleanup-1.2.0.tgz",
            "integrity": "sha512-JeDD0yiiSt80fXzAVa/crrS0JDPQljyBG/RpOtaSbyDq03VHa9szJWMaWOYU/bcTn412uMN2MxApXq8v79cUiQ==",
            "dev": true,
            "requires": {
                "magic-string": "^0.25.7",
                "perf-regexes": "^1.0.1",
                "skip-regex": "^1.0.2"
            }
        },
        "magic-string": {
            "version": "0.25.9",
            "resolved": "https://registry.npmjs.org/magic-string/-/magic-string-0.25.9.tgz",
            "integrity": "sha512-RmF0AsMzgt25qzqqLc1+MbHmhdx0ojF2Fvs4XnOqz2ZOBXzzkEwc/dJQZCYHAn7v1jbVOjAZfK8msRn4BxO4VQ==",
            "dev": true,
            "requires": {
                "sourcemap-codec": "^1.4.8"
            }
        },
        "perf-regexes": {
            "version": "1.0.1",
            "resolved": "https://registry.npmjs.org/perf-regexes/-/perf-regexes-1.0.1.tgz",
            "integrity": "sha512-L7MXxUDtqr4PUaLFCDCXBfGV/6KLIuSEccizDI7JxT+c9x1G1v04BQ4+4oag84SHaCdrBgQAIs/Cqn+flwFPng==",
            "dev": true
        },
        "randombytes": {
            "version": "2.1.0",
            "resolved": "https://registry.npmjs.org/randombytes/-/randombytes-2.1.0.tgz",
            "integrity": "sha512-vYl3iOX+4CKUWuxGi9Ukhie6fsqXqS9FE2Zaic4tNFD2N2QQaXOMFbuKK4QmDHC0JO6B1Zp41J0LpT0oR68amQ==",
            "dev": true,
            "requires": {
                "safe-buffer": "^5.1.0"
            }
        },
        "rollup": {
            "version": "2.79.1",
            "resolved": "https://registry.npmjs.org/rollup/-/rollup-2.79.1.tgz",
            "integrity": "sha512-uKxbd0IhMZOhjAiD5oAFp7BqvkA4Dv47qpOCtaNvng4HBwdbWtdOh8f5nZNuk2rp51PMGk3bzfWu5oayNEuYnw==",
            "dev": true,
            "requires": {
                "fsevents": "~2.3.2"
            }
        },
        "rollup-plugin-cleanup": {
            "version": "3.2.1",
            "resolved": "https://registry.npmjs.org/rollup-plugin-cleanup/-/rollup-plugin-cleanup-3.2.1.tgz",
            "integrity": "sha512-zuv8EhoO3TpnrU8MX8W7YxSbO4gmOR0ny06Lm3nkFfq0IVKdBUtHwhVzY1OAJyNCIAdLiyPnOrU0KnO0Fri1GQ==",
            "dev": true,
            "requires": {
                "js-cleanup": "^1.2.0",
                "rollup-pluginutils": "^2.8.2"
            }
        },
        "rollup-pluginutils": {
            "version": "2.8.2",
            "resolved": "https://registry.npmjs.org/rollup-pluginutils/-/rollup-pluginutils-2.8.2.tgz",
            "integrity": "sha512-EEp9NhnUkwY8aif6bxgovPHMoMoNr2FulJziTndpt5H9RdwC47GSGuII9XxpSdzVGM0GWrNPHV6ie1LTNJPaLQ==",
            "dev": true,
            "requires": {
                "estree-walker": "^0.6.1"
            }
        },
        "safe-buffer": {
            "version": "5.2.1",
            "resolved": "https://registry.npmjs.org/safe-buffer/-/safe-buffer-5.2.1.tgz",
            "integrity": "sha512-rp3So07KcdmmKbGvgaNxQSJr7bGVSVk5S9Eq1F+ppbRo70+YeaDxkw5Dd8NPN+GD6bjnYm2VuPuCXmpuYvmCXQ==",
            "dev": true
        },
        "serialize-javascript": {
            "version": "6.0.1",
            "resolved": "https://registry.npmjs.org/serialize-javascript/-/serialize-javascript-6.0.1.tgz",
            "integrity": "sha512-owoXEFjWRllis8/M1Q+Cw5k8ZH40e3zhp/ovX+Xr/vi1qj6QesbyXXViFbpNvWvPNAD62SutwEXavefrLJWj7w==",
            "dev": true,
            "requires": {
                "randombytes": "^2.1.0"
            }
        },
        "skip-regex": {
            "version": "1.0.2",
            "resolved": "https://registry.npmjs.org/skip-regex/-/skip-regex-1.0.2.tgz",
            "integrity": "sha512-pEjMUbwJ5Pl/6Vn6FsamXHXItJXSRftcibixDmNCWbWhic0hzHrwkMZo0IZ7fMRH9KxcWDFSkzhccB4285PutA==",
            "dev": true
        },
        "smob": {
            "version": "0.0.6",
            "resolved": "https://registry.npmjs.org/smob/-/smob-0.0.6.tgz",
            "integrity": "sha512-V21+XeNni+tTyiST1MHsa84AQhT1aFZipzPpOFAVB8DkHzwJyjjAmt9bgwnuZiZWnIbMo2duE29wybxv/7HWUw==",
            "dev": true
        },
        "source-map": {
            "version": "0.6.1",
            "resolved": "https://registry.npmjs.org/source-map/-/source-map-0.6.1.tgz",
            "integrity": "sha512-UjgapumWlbMhkBgzT7Ykc5YXUT46F0iKu8SGXq0bcwP5dz/h0Plj6enJqjz1Zbq2l5WaqYnrVbwWOWMyF3F47g==",
            "dev": true
        },
        "source-map-support": {
            "version": "0.5.21",
            "resolved": "https://registry.npmjs.org/source-map-support/-/source-map-support-0.5.21.tgz",
            "integrity": "sha512-uBHU3L3czsIyYXKX88fdrGovxdSCoTGDRZ6SYXtSRxLZUzHg5P/66Ht6uoUlHu9EZod+inXhKo3qQgwXUT/y1w==",
            "dev": true,
            "requires": {
                "buffer-from": "^1.0.0",
                "source-map": "^0.6.0"
            }
        },
        "sourcemap-codec": {
            "version": "1.4.8",
            "resolved": "https://registry.npmjs.org/sourcemap-codec/-/sourcemap-codec-1.4.8.tgz",
            "integrity": "sha512-9NykojV5Uih4lgo5So5dtw+f0JgJX30KCNI8gwhz2J9A15wD0Ml6tjHKwf6fTSa6fAdVBdZeNOs9eJ71qCk8vA==",
            "dev": true
        },
        "terser": {
            "version": "5.17.3",
            "resolved": "https://registry.npmjs.org/terser/-/terser-5.17.3.tgz",
            "integrity": "sha512-AudpAZKmZHkG9jueayypz4duuCFJMMNGRMwaPvQKWfxKedh8Z2x3OCoDqIIi1xx5+iwx1u6Au8XQcc9Lke65Yg==",
            "dev": true,
            "requires": {
                "@jridgewell/source-map": "^0.3.2",
                "acorn": "^8.5.0",
                "commander": "^2.20.0",
                "source-map-support": "~0.5.20"
            }
        }
    }
}
